
Microsoft Visual Studio Solution File, Format Version 12.00
# Visual Studio Version 16
VisualStudioVersion = 16.0.30621.155
MinimumVisualStudioVersion = 10.0.40219.1
Project("{9A19103F-16F7-4668-BE54-9A1E7A4F7556}") = "Awari", "Awari\Awari.csproj", "{E15C20B5-705D-43F5-A82F-6DD9378A6D50}"
EndProject
Project("{FAE04EC0-301F-11D3-BF4B-00C04F79EFBC}") = "AwariTest", "AwariTest\AwariTest.csproj", "{AEA67018-C893-4FDD-A2B4-BBFD4C839E5F}"
EndProject
Global
	GlobalSection(SolutionConfigurationPlatforms) = preSolution
		Debug|Any CPU = Debug|Any CPU
		Release|Any CPU = Release|Any CPU
	EndGlobalSection
	GlobalSection(ProjectConfigurationPlatforms) = postSolution
		{E15C20B5-705D-43F5-A82F-6DD9378A6D50}.Debug|Any CPU.ActiveCfg = Debug|Any CPU
		{E15C20B5-705D-43F5-A82F-6DD9378A6D50}.Debug|Any CPU.Build.0 = Debug|Any CPU
		{E15C20B5-705D-43F5-A82F-6DD9378A6D50}.Release|Any CPU.ActiveCfg = Release|Any CPU
		{E15C20B5-705D-43F5-A82F-6DD9378A6D50}.Release|Any CPU.Build.0 = Release|Any CPU
		{AEA67018-C893-4FDD-A2B4-BBFD4C839E5F}.Debug|Any CPU.ActiveCfg = Debug|Any CPU
		{AEA67018-C893-4FDD-A2B4-BBFD4C839E5F}.Debug|Any CPU.Build.0 = Debug|Any CPU
		{AEA67018-C893-4FDD-A2B4-BBFD4C839E5F}.Release|Any CPU.ActiveCfg = Release|Any CPU
		{AEA67018-C893-4FDD-A2B4-BBFD4C839E5F}.Release|Any CPU.Build.0 = Release|Any CPU
	EndGlobalSection
	GlobalSection(SolutionProperties) = preSolution
		HideSolutionNode = FALSE
	EndGlobalSection
	GlobalSection(ExtensibilityGlobals) = postSolution
		SolutionGuid = {3CBC065E-F178-4525-A525-FFC9998189DA}
	EndGlobalSection
EndGlobal
